
Microsoft Visual Studio Solution File, Format Version 12.00
# Visual Studio Version 16
VisualStudioVersion = 16.0.29318.209
MinimumVisualStudioVersion = 10.0.40219.1
Project("{2150E333-8FDC-42A3-9474-1A3956D46DE8}") = "01-Test", "01-Test", "{C45AB206-118F-4F64-B136-2D5ACCCA07E5}"
EndProject
Project("{9A19103F-16F7-4668-BE54-9A1E7A4F7556}") = "Chameleon.Infrastructure", "Chameleon.Infrastructure\Chameleon.Infrastructure.csproj", "{DE7BC1F1-1069-4891-A82A-0335B19B837D}"
EndProject
Project("{9A19103F-16F7-4668-BE54-9A1E7A4F7556}") = "Chameleon.Domain", "Chameleon.Domain\Chameleon.Domain.csproj", "{88BAC64D-BDEF-4E60-A71B-79D155932547}"
EndProject
Project("{9A19103F-16F7-4668-BE54-9A1E7A4F7556}") = "Chameleon.Repository", "Chameleon.Repository\Chameleon.Repository.csproj", "{28E942B5-322F-4217-9D78-413A454F5D1B}"
EndProject
Project("{9A19103F-16F7-4668-BE54-9A1E7A4F7556}") = "Chameleon.Application", "Chameleon.Application\Chameleon.Application.csproj", "{EC77B6C6-FB2E-456D-8C81-118B88958B31}"
EndProject
Project("{9A19103F-16F7-4668-BE54-9A1E7A4F7556}") = "Chameleon.ValueObject", "Chameleon.ValueObject\Chameleon.ValueObject.csproj", "{7BA3D4AB-2CF8-4329-83CF-2063F039F81F}"
EndProject
Project("{2150E333-8FDC-42A3-9474-1A3956D46DE8}") = "02-Presentation", "02-Presentation", "{634219EB-3ACF-4565-8032-BB28256AC656}"
EndProject
Project("{2150E333-8FDC-42A3-9474-1A3956D46DE8}") = "03-Business", "03-Business", "{87399121-2F4B-4FC2-84DE-79027C44AB2D}"
EndProject
Project("{9A19103F-16F7-4668-BE54-9A1E7A4F7556}") = "Chameleon.Bootstrapper", "Chameleon.Bootstrapper\Chameleon.Bootstrapper.csproj", "{9C7CFBAA-120A-4061-AF59-132C59F70064}"
EndProject
Project("{9A19103F-16F7-4668-BE54-9A1E7A4F7556}") = "Chameleon.Entity", "Chameleon.Entity\Chameleon.Entity.csproj", "{FED607B0-7304-4332-B066-62805F3D45B2}"
EndProject
Project("{9A19103F-16F7-4668-BE54-9A1E7A4F7556}") = "Test.Chameleon.UnitTest", "Test.Chameleon.UnitTest\Test.Chameleon.UnitTest.csproj", "{D3A4A1CA-533C-45BC-BF8C-FA6AEC25FC21}"
EndProject
Project("{9A19103F-16F7-4668-BE54-9A1E7A4F7556}") = "Chameleon.Development", "Chameleon.Development\Chameleon.Development.csproj", "{5843B0E0-1694-4761-A1F1-7E361B31A3CE}"
EndProject
Project("{9A19103F-16F7-4668-BE54-9A1E7A4F7556}") = "Chameleon.DataApi", "Chameleon.DataApi\Chameleon.DataApi.csproj", "{1DF94CFC-EC9C-412C-960B-F52A1BE60A23}"
EndProject
Project("{FAE04EC0-301F-11D3-BF4B-00C04F79EFBC}") = "Chameleon.Account", "Chameleon.Account\Chameleon.Account.csproj", "{8AC42227-9F5E-47FE-BF59-782E44F9D4D3}"
EndProject
Global
	GlobalSection(SolutionConfigurationPlatforms) = preSolution
		Debug|Any CPU = Debug|Any CPU
		Release|Any CPU = Release|Any CPU
	EndGlobalSection
	GlobalSection(ProjectConfigurationPlatforms) = postSolution
		{DE7BC1F1-1069-4891-A82A-0335B19B837D}.Debug|Any CPU.ActiveCfg = Debug|Any CPU
		{DE7BC1F1-1069-4891-A82A-0335B19B837D}.Debug|Any CPU.Build.0 = Debug|Any CPU
		{DE7BC1F1-1069-4891-A82A-0335B19B837D}.Release|Any CPU.ActiveCfg = Release|Any CPU
		{DE7BC1F1-1069-4891-A82A-0335B19B837D}.Release|Any CPU.Build.0 = Release|Any CPU
		{88BAC64D-BDEF-4E60-A71B-79D155932547}.Debug|Any CPU.ActiveCfg = Debug|Any CPU
		{88BAC64D-BDEF-4E60-A71B-79D155932547}.Debug|Any CPU.Build.0 = Debug|Any CPU
		{88BAC64D-BDEF-4E60-A71B-79D155932547}.Release|Any CPU.ActiveCfg = Release|Any CPU
		{88BAC64D-BDEF-4E60-A71B-79D155932547}.Release|Any CPU.Build.0 = Release|Any CPU
		{28E942B5-322F-4217-9D78-413A454F5D1B}.Debug|Any CPU.ActiveCfg = Debug|Any CPU
		{28E942B5-322F-4217-9D78-413A454F5D1B}.Debug|Any CPU.Build.0 = Debug|Any CPU
		{28E942B5-322F-4217-9D78-413A454F5D1B}.Release|Any CPU.ActiveCfg = Release|Any CPU
		{28E942B5-322F-4217-9D78-413A454F5D1B}.Release|Any CPU.Build.0 = Release|Any CPU
		{EC77B6C6-FB2E-456D-8C81-118B88958B31}.Debug|Any CPU.ActiveCfg = Debug|Any CPU
		{EC77B6C6-FB2E-456D-8C81-118B88958B31}.Debug|Any CPU.Build.0 = Debug|Any CPU
		{EC77B6C6-FB2E-456D-8C81-118B88958B31}.Release|Any CPU.ActiveCfg = Release|Any CPU
		{EC77B6C6-FB2E-456D-8C81-118B88958B31}.Release|Any CPU.Build.0 = Release|Any CPU
		{7BA3D4AB-2CF8-4329-83CF-2063F039F81F}.Debug|Any CPU.ActiveCfg = Debug|Any CPU
		{7BA3D4AB-2CF8-4329-83CF-2063F039F81F}.Debug|Any CPU.Build.0 = Debug|Any CPU
		{7BA3D4AB-2CF8-4329-83CF-2063F039F81F}.Release|Any CPU.ActiveCfg = Release|Any CPU
		{7BA3D4AB-2CF8-4329-83CF-2063F039F81F}.Release|Any CPU.Build.0 = Release|Any CPU
		{9C7CFBAA-120A-4061-AF59-132C59F70064}.Debug|Any CPU.ActiveCfg = Debug|Any CPU
		{9C7CFBAA-120A-4061-AF59-132C59F70064}.Debug|Any CPU.Build.0 = Debug|Any CPU
		{9C7CFBAA-120A-4061-AF59-132C59F70064}.Release|Any CPU.ActiveCfg = Release|Any CPU
		{9C7CFBAA-120A-4061-AF59-132C59F70064}.Release|Any CPU.Build.0 = Release|Any CPU
		{FED607B0-7304-4332-B066-62805F3D45B2}.Debug|Any CPU.ActiveCfg = Debug|Any CPU
		{FED607B0-7304-4332-B066-62805F3D45B2}.Debug|Any CPU.Build.0 = Debug|Any CPU
		{FED607B0-7304-4332-B066-62805F3D45B2}.Release|Any CPU.ActiveCfg = Release|Any CPU
		{FED607B0-7304-4332-B066-62805F3D45B2}.Release|Any CPU.Build.0 = Release|Any CPU
		{D3A4A1CA-533C-45BC-BF8C-FA6AEC25FC21}.Debug|Any CPU.ActiveCfg = Debug|Any CPU
		{D3A4A1CA-533C-45BC-BF8C-FA6AEC25FC21}.Debug|Any CPU.Build.0 = Debug|Any CPU
		{D3A4A1CA-533C-45BC-BF8C-FA6AEC25FC21}.Release|Any CPU.ActiveCfg = Release|Any CPU
		{D3A4A1CA-533C-45BC-BF8C-FA6AEC25FC21}.Release|Any CPU.Build.0 = Release|Any CPU
		{5843B0E0-1694-4761-A1F1-7E361B31A3CE}.Debug|Any CPU.ActiveCfg = Debug|Any CPU
		{5843B0E0-1694-4761-A1F1-7E361B31A3CE}.Debug|Any CPU.Build.0 = Debug|Any CPU
		{5843B0E0-1694-4761-A1F1-7E361B31A3CE}.Release|Any CPU.ActiveCfg = Release|Any CPU
		{5843B0E0-1694-4761-A1F1-7E361B31A3CE}.Release|Any CPU.Build.0 = Release|Any CPU
		{1DF94CFC-EC9C-412C-960B-F52A1BE60A23}.Debug|Any CPU.ActiveCfg = Debug|Any CPU
		{1DF94CFC-EC9C-412C-960B-F52A1BE60A23}.Debug|Any CPU.Build.0 = Debug|Any CPU
		{1DF94CFC-EC9C-412C-960B-F52A1BE60A23}.Release|Any CPU.ActiveCfg = Release|Any CPU
		{1DF94CFC-EC9C-412C-960B-F52A1BE60A23}.Release|Any CPU.Build.0 = Release|Any CPU
		{8AC42227-9F5E-47FE-BF59-782E44F9D4D3}.Debug|Any CPU.ActiveCfg = Debug|Any CPU
		{8AC42227-9F5E-47FE-BF59-782E44F9D4D3}.Debug|Any CPU.Build.0 = Debug|Any CPU
		{8AC42227-9F5E-47FE-BF59-782E44F9D4D3}.Release|Any CPU.ActiveCfg = Release|Any CPU
		{8AC42227-9F5E-47FE-BF59-782E44F9D4D3}.Release|Any CPU.Build.0 = Release|Any CPU
	EndGlobalSection
	GlobalSection(SolutionProperties) = preSolution
		HideSolutionNode = FALSE
	EndGlobalSection
	GlobalSection(NestedProjects) = preSolution
		{88BAC64D-BDEF-4E60-A71B-79D155932547} = {87399121-2F4B-4FC2-84DE-79027C44AB2D}
		{28E942B5-322F-4217-9D78-413A454F5D1B} = {87399121-2F4B-4FC2-84DE-79027C44AB2D}
		{EC77B6C6-FB2E-456D-8C81-118B88958B31} = {87399121-2F4B-4FC2-84DE-79027C44AB2D}
		{7BA3D4AB-2CF8-4329-83CF-2063F039F81F} = {87399121-2F4B-4FC2-84DE-79027C44AB2D}
		{FED607B0-7304-4332-B066-62805F3D45B2} = {87399121-2F4B-4FC2-84DE-79027C44AB2D}
		{D3A4A1CA-533C-45BC-BF8C-FA6AEC25FC21} = {C45AB206-118F-4F64-B136-2D5ACCCA07E5}
		{5843B0E0-1694-4761-A1F1-7E361B31A3CE} = {634219EB-3ACF-4565-8032-BB28256AC656}
		{1DF94CFC-EC9C-412C-960B-F52A1BE60A23} = {634219EB-3ACF-4565-8032-BB28256AC656}
		{8AC42227-9F5E-47FE-BF59-782E44F9D4D3} = {634219EB-3ACF-4565-8032-BB28256AC656}
	EndGlobalSection
	GlobalSection(ExtensibilityGlobals) = postSolution
		SolutionGuid = {8F6F7A19-5FC4-4BCA-99C6-AB135734C7F3}
	EndGlobalSection
EndGlobal
